
Microsoft Visual Studio Solution File, Format Version 12.00
# Visual Studio Version 17
VisualStudioVersion = 17.8.34330.188
MinimumVisualStudioVersion = 10.0.40219.1
Project("{FAE04EC0-301F-11D3-BF4B-00C04F79EFBC}") = "Entities", "Entities\Entities.csproj", "{D01B2687-8EE0-4C3F-945B-CBA346C2FFEA}"
EndProject
Project("{FAE04EC0-301F-11D3-BF4B-00C04F79EFBC}") = "DataAcces", "DataAcces\DataAcces.csproj", "{43E8EEE4-72AA-4A76-BEFA-757CB0551D18}"
EndProject
Project("{FAE04EC0-301F-11D3-BF4B-00C04F79EFBC}") = "Business", "Business\Business.csproj", "{51C83084-925B-4DFA-9A9F-6644BBFD0AE8}"
EndProject
Project("{FAE04EC0-301F-11D3-BF4B-00C04F79EFBC}") = "ConsoleUI", "ConsoleUI\ConsoleUI.csproj", "{C90F746C-D35B-4AD4-B938-632C7C5A14BA}"
EndProject
Global
	GlobalSection(SolutionConfigurationPlatforms) = preSolution
		Debug|Any CPU = Debug|Any CPU
		Release|Any CPU = Release|Any CPU
	EndGlobalSection
	GlobalSection(ProjectConfigurationPlatforms) = postSolution
		{D01B2687-8EE0-4C3F-945B-CBA346C2FFEA}.Debug|Any CPU.ActiveCfg = Debug|Any CPU
		{D01B2687-8EE0-4C3F-945B-CBA346C2FFEA}.Debug|Any CPU.Build.0 = Debug|Any CPU
		{D01B2687-8EE0-4C3F-945B-CBA346C2FFEA}.Release|Any CPU.ActiveCfg = Release|Any CPU
		{D01B2687-8EE0-4C3F-945B-CBA346C2FFEA}.Release|Any CPU.Build.0 = Release|Any CPU
		{43E8EEE4-72AA-4A76-BEFA-757CB0551D18}.Debug|Any CPU.ActiveCfg = Debug|Any CPU
		{43E8EEE4-72AA-4A76-BEFA-757CB0551D18}.Debug|Any CPU.Build.0 = Debug|Any CPU
		{43E8EEE4-72AA-4A76-BEFA-757CB0551D18}.Release|Any CPU.ActiveCfg = Release|Any CPU
		{43E8EEE4-72AA-4A76-BEFA-757CB0551D18}.Release|Any CPU.Build.0 = Release|Any CPU
		{51C83084-925B-4DFA-9A9F-6644BBFD0AE8}.Debug|Any CPU.ActiveCfg = Debug|Any CPU
		{51C83084-925B-4DFA-9A9F-6644BBFD0AE8}.Debug|Any CPU.Build.0 = Debug|Any CPU
		{51C83084-925B-4DFA-9A9F-6644BBFD0AE8}.Release|Any CPU.ActiveCfg = Release|Any CPU
		{51C83084-925B-4DFA-9A9F-6644BBFD0AE8}.Release|Any CPU.Build.0 = Release|Any CPU
		{C90F746C-D35B-4AD4-B938-632C7C5A14BA}.Debug|Any CPU.ActiveCfg = Debug|Any CPU
		{C90F746C-D35B-4AD4-B938-632C7C5A14BA}.Debug|Any CPU.Build.0 = Debug|Any CPU
		{C90F746C-D35B-4AD4-B938-632C7C5A14BA}.Release|Any CPU.ActiveCfg = Release|Any CPU
		{C90F746C-D35B-4AD4-B938-632C7C5A14BA}.Release|Any CPU.Build.0 = Release|Any CPU
	EndGlobalSection
	GlobalSection(SolutionProperties) = preSolution
		HideSolutionNode = FALSE
	EndGlobalSection
	GlobalSection(ExtensibilityGlobals) = postSolution
		SolutionGuid = {69751CDB-A99D-4715-B24B-FF33D1169C3E}
	EndGlobalSection
EndGlobal
